
Microsoft Visual Studio Solution File, Format Version 12.00
# Visual Studio Version 16
VisualStudioVersion = 16.0.31321.278
MinimumVisualStudioVersion = 10.0.40219.1
Project("{FAE04EC0-301F-11D3-BF4B-00C04F79EFBC}") = "InvestorHelperStockPrice", "InvestorHelperStockPrice\InvestorHelperStockPrice.csproj", "{BC4F3A58-A6A4-4132-B20C-878417C3546E}"
EndProject
Project("{FAE04EC0-301F-11D3-BF4B-00C04F79EFBC}") = "InvestorHelperLibrary", "InvestorHelperLibrary\InvestorHelperLibrary.csproj", "{2CFCD064-0B5A-48A3-8273-01E13F9ED9C1}"
EndProject
Global
	GlobalSection(SolutionConfigurationPlatforms) = preSolution
		Debug|Any CPU = Debug|Any CPU
		Release|Any CPU = Release|Any CPU
	EndGlobalSection
	GlobalSection(ProjectConfigurationPlatforms) = postSolution
		{BC4F3A58-A6A4-4132-B20C-878417C3546E}.Debug|Any CPU.ActiveCfg = Debug|Any CPU
		{BC4F3A58-A6A4-4132-B20C-878417C3546E}.Debug|Any CPU.Build.0 = Debug|Any CPU
		{BC4F3A58-A6A4-4132-B20C-878417C3546E}.Release|Any CPU.ActiveCfg = Release|Any CPU
		{BC4F3A58-A6A4-4132-B20C-878417C3546E}.Release|Any CPU.Build.0 = Release|Any CPU
		{2CFCD064-0B5A-48A3-8273-01E13F9ED9C1}.Debug|Any CPU.ActiveCfg = Debug|Any CPU
		{2CFCD064-0B5A-48A3-8273-01E13F9ED9C1}.Debug|Any CPU.Build.0 = Debug|Any CPU
		{2CFCD064-0B5A-48A3-8273-01E13F9ED9C1}.Release|Any CPU.ActiveCfg = Release|Any CPU
		{2CFCD064-0B5A-48A3-8273-01E13F9ED9C1}.Release|Any CPU.Build.0 = Release|Any CPU
	EndGlobalSection
	GlobalSection(SolutionProperties) = preSolution
		HideSolutionNode = FALSE
	EndGlobalSection
	GlobalSection(ExtensibilityGlobals) = postSolution
		SolutionGuid = {75F1A2CE-45E4-44BF-B293-31D79772C3EE}
	EndGlobalSection
EndGlobal
